
Microsoft Visual Studio Solution File, Format Version 12.00
# Visual Studio 15
VisualStudioVersion = 15.0.35319.79
MinimumVisualStudioVersion = 10.0.40219.1
Project("{FAE04EC0-301F-11D3-BF4B-00C04F79EFBC}") = "zadacha 1", "masivi praktichesko izpitvane\zadacha 1.csproj", "{4FEB29F0-43F0-4E43-BCE4-4BA04EF7A98B}"
EndProject
Project("{FAE04EC0-301F-11D3-BF4B-00C04F79EFBC}") = "zadacha 2", "zadacha 2\zadacha 2.csproj", "{F4F5D50B-93DA-4F14-B04C-1804146FA3C1}"
EndProject
Project("{FAE04EC0-301F-11D3-BF4B-00C04F79EFBC}") = "zadacha 3", "zadacha 3\zadacha 3.csproj", "{06B95D63-FC9E-49FC-828C-CE7F37FA3150}"
EndProject
Project("{FAE04EC0-301F-11D3-BF4B-00C04F79EFBC}") = "zadacha 4", "zadacha 4\zadacha 4.csproj", "{B5988B3A-D24E-4738-B6A7-8C61DF50EDB3}"
EndProject
Global
	GlobalSection(SolutionConfigurationPlatforms) = preSolution
		Debug|Any CPU = Debug|Any CPU
		Release|Any CPU = Release|Any CPU
	EndGlobalSection
	GlobalSection(ProjectConfigurationPlatforms) = postSolution
		{4FEB29F0-43F0-4E43-BCE4-4BA04EF7A98B}.Debug|Any CPU.ActiveCfg = Debug|Any CPU
		{4FEB29F0-43F0-4E43-BCE4-4BA04EF7A98B}.Debug|Any CPU.Build.0 = Debug|Any CPU
		{4FEB29F0-43F0-4E43-BCE4-4BA04EF7A98B}.Release|Any CPU.ActiveCfg = Release|Any CPU
		{4FEB29F0-43F0-4E43-BCE4-4BA04EF7A98B}.Release|Any CPU.Build.0 = Release|Any CPU
		{F4F5D50B-93DA-4F14-B04C-1804146FA3C1}.Debug|Any CPU.ActiveCfg = Debug|Any CPU
		{F4F5D50B-93DA-4F14-B04C-1804146FA3C1}.Debug|Any CPU.Build.0 = Debug|Any CPU
		{F4F5D50B-93DA-4F14-B04C-1804146FA3C1}.Release|Any CPU.ActiveCfg = Release|Any CPU
		{F4F5D50B-93DA-4F14-B04C-1804146FA3C1}.Release|Any CPU.Build.0 = Release|Any CPU
		{06B95D63-FC9E-49FC-828C-CE7F37FA3150}.Debug|Any CPU.ActiveCfg = Debug|Any CPU
		{06B95D63-FC9E-49FC-828C-CE7F37FA3150}.Debug|Any CPU.Build.0 = Debug|Any CPU
		{06B95D63-FC9E-49FC-828C-CE7F37FA3150}.Release|Any CPU.ActiveCfg = Release|Any CPU
		{06B95D63-FC9E-49FC-828C-CE7F37FA3150}.Release|Any CPU.Build.0 = Release|Any CPU
		{B5988B3A-D24E-4738-B6A7-8C61DF50EDB3}.Debug|Any CPU.ActiveCfg = Debug|Any CPU
		{B5988B3A-D24E-4738-B6A7-8C61DF50EDB3}.Debug|Any CPU.Build.0 = Debug|Any CPU
		{B5988B3A-D24E-4738-B6A7-8C61DF50EDB3}.Release|Any CPU.ActiveCfg = Release|Any CPU
		{B5988B3A-D24E-4738-B6A7-8C61DF50EDB3}.Release|Any CPU.Build.0 = Release|Any CPU
	EndGlobalSection
	GlobalSection(SolutionProperties) = preSolution
		HideSolutionNode = FALSE
	EndGlobalSection
	GlobalSection(ExtensibilityGlobals) = postSolution
		SolutionGuid = {00F358E9-FF4D-4379-875A-92D24218916B}
	EndGlobalSection
EndGlobal
