
Microsoft Visual Studio Solution File, Format Version 12.00
# Visual Studio Version 17
VisualStudioVersion = 17.12.35506.116 d17.12
MinimumVisualStudioVersion = 10.0.40219.1
Project("{FAE04EC0-301F-11D3-BF4B-00C04F79EFBC}") = "upr 6 12", "upr 6 12.csproj", "{485DC877-C925-43E3-9A49-41CEB5C51150}"
EndProject
Global
	GlobalSection(SolutionConfigurationPlatforms) = preSolution
		Debug|Any CPU = Debug|Any CPU
		Release|Any CPU = Release|Any CPU
	EndGlobalSection
	GlobalSection(ProjectConfigurationPlatforms) = postSolution
		{485DC877-C925-43E3-9A49-41CEB5C51150}.Debug|Any CPU.ActiveCfg = Debug|Any CPU
		{485DC877-C925-43E3-9A49-41CEB5C51150}.Debug|Any CPU.Build.0 = Debug|Any CPU
		{485DC877-C925-43E3-9A49-41CEB5C51150}.Release|Any CPU.ActiveCfg = Release|Any CPU
		{485DC877-C925-43E3-9A49-41CEB5C51150}.Release|Any CPU.Build.0 = Release|Any CPU
	EndGlobalSection
	GlobalSection(SolutionProperties) = preSolution
		HideSolutionNode = FALSE
	EndGlobalSection
EndGlobal
