
Microsoft Visual Studio Solution File, Format Version 12.00
# Visual Studio Version 17
VisualStudioVersion = 17.12.35506.116
MinimumVisualStudioVersion = 10.0.40219.1
Project("{FAE04EC0-301F-11D3-BF4B-00C04F79EFBC}") = "class danni", "class danni.csproj", "{35102A23-9D43-483E-B64C-03F529D43158}"
EndProject
Project("{FAE04EC0-301F-11D3-BF4B-00C04F79EFBC}") = "konstruktoren broqch", "..\konstruktoren broqch\konstruktoren broqch.csproj", "{D39A2E95-E5E3-4958-921B-A85C6F51184D}"
EndProject
Global
	GlobalSection(SolutionConfigurationPlatforms) = preSolution
		Debug|Any CPU = Debug|Any CPU
		Release|Any CPU = Release|Any CPU
	EndGlobalSection
	GlobalSection(ProjectConfigurationPlatforms) = postSolution
		{35102A23-9D43-483E-B64C-03F529D43158}.Debug|Any CPU.ActiveCfg = Debug|Any CPU
		{35102A23-9D43-483E-B64C-03F529D43158}.Debug|Any CPU.Build.0 = Debug|Any CPU
		{35102A23-9D43-483E-B64C-03F529D43158}.Release|Any CPU.ActiveCfg = Release|Any CPU
		{35102A23-9D43-483E-B64C-03F529D43158}.Release|Any CPU.Build.0 = Release|Any CPU
		{D39A2E95-E5E3-4958-921B-A85C6F51184D}.Debug|Any CPU.ActiveCfg = Debug|Any CPU
		{D39A2E95-E5E3-4958-921B-A85C6F51184D}.Debug|Any CPU.Build.0 = Debug|Any CPU
		{D39A2E95-E5E3-4958-921B-A85C6F51184D}.Release|Any CPU.ActiveCfg = Release|Any CPU
		{D39A2E95-E5E3-4958-921B-A85C6F51184D}.Release|Any CPU.Build.0 = Release|Any CPU
	EndGlobalSection
	GlobalSection(SolutionProperties) = preSolution
		HideSolutionNode = FALSE
	EndGlobalSection
EndGlobal
