
Microsoft Visual Studio Solution File, Format Version 12.00
# Visual Studio Version 17
VisualStudioVersion = 17.10.35027.167
MinimumVisualStudioVersion = 10.0.40219.1
Project("{FAE04EC0-301F-11D3-BF4B-00C04F79EFBC}") = "Perimetur", "Perimetur.csproj", "{A8AD75C0-9A17-4300-B66F-CA620CA3DA55}"
EndProject
Project("{FAE04EC0-301F-11D3-BF4B-00C04F79EFBC}") = "formuli", "..\formuli\formuli.csproj", "{A7C08A99-FFBC-4E7F-A615-B97FB1C783F3}"
EndProject
Global
	GlobalSection(SolutionConfigurationPlatforms) = preSolution
		Debug|Any CPU = Debug|Any CPU
		Release|Any CPU = Release|Any CPU
	EndGlobalSection
	GlobalSection(ProjectConfigurationPlatforms) = postSolution
		{A8AD75C0-9A17-4300-B66F-CA620CA3DA55}.Debug|Any CPU.ActiveCfg = Debug|Any CPU
		{A8AD75C0-9A17-4300-B66F-CA620CA3DA55}.Debug|Any CPU.Build.0 = Debug|Any CPU
		{A8AD75C0-9A17-4300-B66F-CA620CA3DA55}.Release|Any CPU.ActiveCfg = Release|Any CPU
		{A8AD75C0-9A17-4300-B66F-CA620CA3DA55}.Release|Any CPU.Build.0 = Release|Any CPU
		{A7C08A99-FFBC-4E7F-A615-B97FB1C783F3}.Debug|Any CPU.ActiveCfg = Debug|Any CPU
		{A7C08A99-FFBC-4E7F-A615-B97FB1C783F3}.Debug|Any CPU.Build.0 = Debug|Any CPU
		{A7C08A99-FFBC-4E7F-A615-B97FB1C783F3}.Release|Any CPU.ActiveCfg = Release|Any CPU
		{A7C08A99-FFBC-4E7F-A615-B97FB1C783F3}.Release|Any CPU.Build.0 = Release|Any CPU
	EndGlobalSection
	GlobalSection(SolutionProperties) = preSolution
		HideSolutionNode = FALSE
	EndGlobalSection
	GlobalSection(ExtensibilityGlobals) = postSolution
		SolutionGuid = {05C2D09B-0722-44CF-9522-0439FD177B16}
	EndGlobalSection
EndGlobal
